
Microsoft Visual Studio Solution File, Format Version 12.00
# Visual Studio Version 16
VisualStudioVersion = 16.0.30523.141
MinimumVisualStudioVersion = 10.0.40219.1
Project("{8BC9CEB8-8B4A-11D0-8D11-00A0C91BC942}") = "Hello World", "Hello World\Hello World.vcxproj", "{179862BA-A305-407D-931E-8994E44060E3}"
EndProject
Global
	GlobalSection(SolutionConfigurationPlatforms) = preSolution
		Debug|x64 = Debug|x64
		Debug|x86 = Debug|x86
		Release|x64 = Release|x64
		Release|x86 = Release|x86
	EndGlobalSection
	GlobalSection(ProjectConfigurationPlatforms) = postSolution
		{179862BA-A305-407D-931E-8994E44060E3}.Debug|x64.ActiveCfg = Debug|x64
		{179862BA-A305-407D-931E-8994E44060E3}.Debug|x64.Build.0 = Debug|x64
		{179862BA-A305-407D-931E-8994E44060E3}.Debug|x86.ActiveCfg = Debug|Win32
		{179862BA-A305-407D-931E-8994E44060E3}.Debug|x86.Build.0 = Debug|Win32
		{179862BA-A305-407D-931E-8994E44060E3}.Release|x64.ActiveCfg = Release|x64
		{179862BA-A305-407D-931E-8994E44060E3}.Release|x64.Build.0 = Release|x64
		{179862BA-A305-407D-931E-8994E44060E3}.Release|x86.ActiveCfg = Release|Win32
		{179862BA-A305-407D-931E-8994E44060E3}.Release|x86.Build.0 = Release|Win32
	EndGlobalSection
	GlobalSection(SolutionProperties) = preSolution
		HideSolutionNode = FALSE
	EndGlobalSection
	GlobalSection(ExtensibilityGlobals) = postSolution
		SolutionGuid = {84395E84-FEF9-462B-B271-C326BA373DB8}
	EndGlobalSection
EndGlobal
